
Microsoft Visual Studio Solution File, Format Version 12.00
# Visual Studio 15
VisualStudioVersion = 15.0.28307.1062
MinimumVisualStudioVersion = 10.0.40219.1
Project("{FAE04EC0-301F-11D3-BF4B-00C04F79EFBC}") = "Cangur 2.0", "Caongur 2.0\Cangur 2.0.csproj", "{FCC3FD7A-78FB-41CC-8985-31590F85D1F7}"
EndProject
Global
	GlobalSection(SolutionConfigurationPlatforms) = preSolution
		Debug|Any CPU = Debug|Any CPU
		Release|Any CPU = Release|Any CPU
	EndGlobalSection
	GlobalSection(ProjectConfigurationPlatforms) = postSolution
		{FCC3FD7A-78FB-41CC-8985-31590F85D1F7}.Debug|Any CPU.ActiveCfg = Debug|Any CPU
		{FCC3FD7A-78FB-41CC-8985-31590F85D1F7}.Debug|Any CPU.Build.0 = Debug|Any CPU
		{FCC3FD7A-78FB-41CC-8985-31590F85D1F7}.Release|Any CPU.ActiveCfg = Release|Any CPU
		{FCC3FD7A-78FB-41CC-8985-31590F85D1F7}.Release|Any CPU.Build.0 = Release|Any CPU
	EndGlobalSection
	GlobalSection(SolutionProperties) = preSolution
		HideSolutionNode = FALSE
	EndGlobalSection
	GlobalSection(ExtensibilityGlobals) = postSolution
		SolutionGuid = {AFE0AA9F-F843-4C8A-9709-86418ED15CA2}
	EndGlobalSection
EndGlobal
